
Microsoft Visual Studio Solution File, Format Version 12.00
# Visual Studio Version 16
VisualStudioVersion = 16.0.31410.357
MinimumVisualStudioVersion = 10.0.40219.1
Project("{9A19103F-16F7-4668-BE54-9A1E7A4F7556}") = "my-books", "my-books\my-books.csproj", "{A6697F5D-007F-43C2-AB17-5D856F8B47AB}"
EndProject
Project("{9A19103F-16F7-4668-BE54-9A1E7A4F7556}") = "my-books-data", "my-books-data\my-books-data.csproj", "{738F72A2-FC3D-406B-8779-B778C5D48A18}"
EndProject
Project("{9A19103F-16F7-4668-BE54-9A1E7A4F7556}") = "my-books-application", "my-books-application\my-books-application.csproj", "{8675AE6F-FECD-4842-B4EA-090E961C7E99}"
EndProject
Project("{9A19103F-16F7-4668-BE54-9A1E7A4F7556}") = "my-books-client", "my-books-client\my-books-client.csproj", "{0FFE5FCE-AD43-4CEC-8EDF-43AD7A4BFB4C}"
EndProject
Project("{9A19103F-16F7-4668-BE54-9A1E7A4F7556}") = "myBooksBlazorWASAP", "myBooksBlazorWASAP\myBooksBlazorWASAP.csproj", "{30AEBBC6-5A99-4A71-99A9-1BBB264EF10B}"
EndProject
Project("{9A19103F-16F7-4668-BE54-9A1E7A4F7556}") = "myBooksBlazorServer1", "myBooksBlazorServer1\myBooksBlazorServer1.csproj", "{2E572958-D844-4929-8E6F-9776BAB71904}"
EndProject
Global
	GlobalSection(SolutionConfigurationPlatforms) = preSolution
		Debug|Any CPU = Debug|Any CPU
		Release|Any CPU = Release|Any CPU
	EndGlobalSection
	GlobalSection(ProjectConfigurationPlatforms) = postSolution
		{A6697F5D-007F-43C2-AB17-5D856F8B47AB}.Debug|Any CPU.ActiveCfg = Debug|Any CPU
		{A6697F5D-007F-43C2-AB17-5D856F8B47AB}.Debug|Any CPU.Build.0 = Debug|Any CPU
		{A6697F5D-007F-43C2-AB17-5D856F8B47AB}.Release|Any CPU.ActiveCfg = Release|Any CPU
		{A6697F5D-007F-43C2-AB17-5D856F8B47AB}.Release|Any CPU.Build.0 = Release|Any CPU
		{738F72A2-FC3D-406B-8779-B778C5D48A18}.Debug|Any CPU.ActiveCfg = Debug|Any CPU
		{738F72A2-FC3D-406B-8779-B778C5D48A18}.Debug|Any CPU.Build.0 = Debug|Any CPU
		{738F72A2-FC3D-406B-8779-B778C5D48A18}.Release|Any CPU.ActiveCfg = Release|Any CPU
		{738F72A2-FC3D-406B-8779-B778C5D48A18}.Release|Any CPU.Build.0 = Release|Any CPU
		{8675AE6F-FECD-4842-B4EA-090E961C7E99}.Debug|Any CPU.ActiveCfg = Debug|Any CPU
		{8675AE6F-FECD-4842-B4EA-090E961C7E99}.Debug|Any CPU.Build.0 = Debug|Any CPU
		{8675AE6F-FECD-4842-B4EA-090E961C7E99}.Release|Any CPU.ActiveCfg = Release|Any CPU
		{8675AE6F-FECD-4842-B4EA-090E961C7E99}.Release|Any CPU.Build.0 = Release|Any CPU
		{0FFE5FCE-AD43-4CEC-8EDF-43AD7A4BFB4C}.Debug|Any CPU.ActiveCfg = Debug|Any CPU
		{0FFE5FCE-AD43-4CEC-8EDF-43AD7A4BFB4C}.Debug|Any CPU.Build.0 = Debug|Any CPU
		{0FFE5FCE-AD43-4CEC-8EDF-43AD7A4BFB4C}.Release|Any CPU.ActiveCfg = Release|Any CPU
		{0FFE5FCE-AD43-4CEC-8EDF-43AD7A4BFB4C}.Release|Any CPU.Build.0 = Release|Any CPU
		{30AEBBC6-5A99-4A71-99A9-1BBB264EF10B}.Debug|Any CPU.ActiveCfg = Debug|Any CPU
		{30AEBBC6-5A99-4A71-99A9-1BBB264EF10B}.Debug|Any CPU.Build.0 = Debug|Any CPU
		{30AEBBC6-5A99-4A71-99A9-1BBB264EF10B}.Release|Any CPU.ActiveCfg = Release|Any CPU
		{30AEBBC6-5A99-4A71-99A9-1BBB264EF10B}.Release|Any CPU.Build.0 = Release|Any CPU
		{2E572958-D844-4929-8E6F-9776BAB71904}.Debug|Any CPU.ActiveCfg = Debug|Any CPU
		{2E572958-D844-4929-8E6F-9776BAB71904}.Debug|Any CPU.Build.0 = Debug|Any CPU
		{2E572958-D844-4929-8E6F-9776BAB71904}.Release|Any CPU.ActiveCfg = Release|Any CPU
		{2E572958-D844-4929-8E6F-9776BAB71904}.Release|Any CPU.Build.0 = Release|Any CPU
	EndGlobalSection
	GlobalSection(SolutionProperties) = preSolution
		HideSolutionNode = FALSE
	EndGlobalSection
	GlobalSection(ExtensibilityGlobals) = postSolution
		SolutionGuid = {7B7CE872-CBE5-4D5C-876F-91E8D98CD491}
	EndGlobalSection
EndGlobal
